
Microsoft Visual Studio Solution File, Format Version 12.00
# Visual Studio Version 16
VisualStudioVersion = 16.0.29728.190
MinimumVisualStudioVersion = 10.0.40219.1
Project("{8BC9CEB8-8B4A-11D0-8D11-00A0C91BC942}") = "CppHTTP", "CppHTTP\CppHTTP.vcxproj", "{C897069C-1CBC-4B6D-8304-0DF101591CA6}"
EndProject
Project("{8BC9CEB8-8B4A-11D0-8D11-00A0C91BC942}") = "Tests", "Tests\Tests.vcxproj", "{6CA48AF2-A658-4773-97D3-AB19E36406CF}"
EndProject
Global
	GlobalSection(SolutionConfigurationPlatforms) = preSolution
		Debug|x64 = Debug|x64
		Debug|x86 = Debug|x86
		Release|x64 = Release|x64
		Release|x86 = Release|x86
	EndGlobalSection
	GlobalSection(ProjectConfigurationPlatforms) = postSolution
		{C897069C-1CBC-4B6D-8304-0DF101591CA6}.Debug|x64.ActiveCfg = Debug|x64
		{C897069C-1CBC-4B6D-8304-0DF101591CA6}.Debug|x64.Build.0 = Debug|x64
		{C897069C-1CBC-4B6D-8304-0DF101591CA6}.Debug|x86.ActiveCfg = Debug|Win32
		{C897069C-1CBC-4B6D-8304-0DF101591CA6}.Debug|x86.Build.0 = Debug|Win32
		{C897069C-1CBC-4B6D-8304-0DF101591CA6}.Release|x64.ActiveCfg = Release|x64
		{C897069C-1CBC-4B6D-8304-0DF101591CA6}.Release|x64.Build.0 = Release|x64
		{C897069C-1CBC-4B6D-8304-0DF101591CA6}.Release|x86.ActiveCfg = Release|Win32
		{C897069C-1CBC-4B6D-8304-0DF101591CA6}.Release|x86.Build.0 = Release|Win32
		{6CA48AF2-A658-4773-97D3-AB19E36406CF}.Debug|x64.ActiveCfg = Debug|x64
		{6CA48AF2-A658-4773-97D3-AB19E36406CF}.Debug|x64.Build.0 = Debug|x64
		{6CA48AF2-A658-4773-97D3-AB19E36406CF}.Debug|x86.ActiveCfg = Debug|Win32
		{6CA48AF2-A658-4773-97D3-AB19E36406CF}.Debug|x86.Build.0 = Debug|Win32
		{6CA48AF2-A658-4773-97D3-AB19E36406CF}.Release|x64.ActiveCfg = Release|x64
		{6CA48AF2-A658-4773-97D3-AB19E36406CF}.Release|x64.Build.0 = Release|x64
		{6CA48AF2-A658-4773-97D3-AB19E36406CF}.Release|x86.ActiveCfg = Release|Win32
		{6CA48AF2-A658-4773-97D3-AB19E36406CF}.Release|x86.Build.0 = Release|Win32
	EndGlobalSection
	GlobalSection(SolutionProperties) = preSolution
		HideSolutionNode = FALSE
	EndGlobalSection
	GlobalSection(ExtensibilityGlobals) = postSolution
		SolutionGuid = {15550E56-088A-4A25-B00F-E76C14AAED92}
	EndGlobalSection
EndGlobal
